
Microsoft Visual Studio Solution File, Format Version 12.00
# Visual Studio Version 17
VisualStudioVersion = 17.2.32630.192
MinimumVisualStudioVersion = 10.0.40219.1
Project("{2150E333-8FDC-42A3-9474-1A3956D46DE8}") = "src", "src", "{9916197B-6110-4328-AB7F-127DB9A4119E}"
EndProject
Project("{2150E333-8FDC-42A3-9474-1A3956D46DE8}") = "test", "test", "{7DF5FB99-B5F9-49B6-8679-BE02087DB5C5}"
EndProject
Project("{2150E333-8FDC-42A3-9474-1A3956D46DE8}") = "Core", "Core", "{ECD9FCE0-4D47-49D4-AE0E-4882FC599CBB}"
EndProject
Project("{2150E333-8FDC-42A3-9474-1A3956D46DE8}") = "Infrastructure", "Infrastructure", "{1ABED7B8-5E95-45FC-86C2-62577442BB13}"
EndProject
Project("{2150E333-8FDC-42A3-9474-1A3956D46DE8}") = "UI", "UI", "{9F9E62A7-BCAA-4A7D-9642-9841C6ADFC2B}"
EndProject
Project("{2150E333-8FDC-42A3-9474-1A3956D46DE8}") = "API", "API", "{8ED51F46-AFA5-48C4-8787-30916B6686EC}"
EndProject
Project("{FAE04EC0-301F-11D3-BF4B-00C04F79EFBC}") = "PaymentSystem.Api", "PaymentSystem.Api\PaymentSystem.Api.csproj", "{F0911282-30B4-454B-9DA4-40870B7394A6}"
EndProject
Project("{FAE04EC0-301F-11D3-BF4B-00C04F79EFBC}") = "PaymentSystem.Application", "PaymentSystem.Application\PaymentSystem.Application.csproj", "{E7E7B6E3-A6F4-4770-8FF2-623688A9E99D}"
EndProject
Project("{FAE04EC0-301F-11D3-BF4B-00C04F79EFBC}") = "PaymentSystem.Domain", "PaymentSystem.Domain\PaymentSystem.Domain.csproj", "{3158271D-C911-4467-9BB5-4C9991ADB702}"
EndProject
Project("{FAE04EC0-301F-11D3-BF4B-00C04F79EFBC}") = "PaymentSystem.Infrastructure", "PaymentSystem.Infrastructure\PaymentSystem.Infrastructure.csproj", "{180D1D33-FE0D-4735-98C1-8A8D907E8CE2}"
EndProject
Project("{54A90642-561A-4BB1-A94E-469ADEE60C69}") = "payment-system-app", "payment-system-app\payment-system-app.esproj", "{EB40C159-B010-4780-AD30-06E56796C966}"
EndProject
Project("{FAE04EC0-301F-11D3-BF4B-00C04F79EFBC}") = "PaymentSystem.Persistence", "PaymentSystem.Persistence\PaymentSystem.Persistence.csproj", "{EE0A3B97-3703-46B6-BEE7-6C894F5DE0AC}"
EndProject
Project("{FAE04EC0-301F-11D3-BF4B-00C04F79EFBC}") = "PaymentSystem.Identity", "PaymentSystem.Identity\PaymentSystem.Identity.csproj", "{142F43A3-727A-4A73-B2A7-0D55BBC2C989}"
EndProject
Global
	GlobalSection(SolutionConfigurationPlatforms) = preSolution
		Debug|Any CPU = Debug|Any CPU
		Release|Any CPU = Release|Any CPU
	EndGlobalSection
	GlobalSection(ProjectConfigurationPlatforms) = postSolution
		{F0911282-30B4-454B-9DA4-40870B7394A6}.Debug|Any CPU.ActiveCfg = Debug|Any CPU
		{F0911282-30B4-454B-9DA4-40870B7394A6}.Debug|Any CPU.Build.0 = Debug|Any CPU
		{F0911282-30B4-454B-9DA4-40870B7394A6}.Release|Any CPU.ActiveCfg = Release|Any CPU
		{F0911282-30B4-454B-9DA4-40870B7394A6}.Release|Any CPU.Build.0 = Release|Any CPU
		{E7E7B6E3-A6F4-4770-8FF2-623688A9E99D}.Debug|Any CPU.ActiveCfg = Debug|Any CPU
		{E7E7B6E3-A6F4-4770-8FF2-623688A9E99D}.Debug|Any CPU.Build.0 = Debug|Any CPU
		{E7E7B6E3-A6F4-4770-8FF2-623688A9E99D}.Release|Any CPU.ActiveCfg = Release|Any CPU
		{E7E7B6E3-A6F4-4770-8FF2-623688A9E99D}.Release|Any CPU.Build.0 = Release|Any CPU
		{3158271D-C911-4467-9BB5-4C9991ADB702}.Debug|Any CPU.ActiveCfg = Debug|Any CPU
		{3158271D-C911-4467-9BB5-4C9991ADB702}.Debug|Any CPU.Build.0 = Debug|Any CPU
		{3158271D-C911-4467-9BB5-4C9991ADB702}.Release|Any CPU.ActiveCfg = Release|Any CPU
		{3158271D-C911-4467-9BB5-4C9991ADB702}.Release|Any CPU.Build.0 = Release|Any CPU
		{180D1D33-FE0D-4735-98C1-8A8D907E8CE2}.Debug|Any CPU.ActiveCfg = Debug|Any CPU
		{180D1D33-FE0D-4735-98C1-8A8D907E8CE2}.Debug|Any CPU.Build.0 = Debug|Any CPU
		{180D1D33-FE0D-4735-98C1-8A8D907E8CE2}.Release|Any CPU.ActiveCfg = Release|Any CPU
		{180D1D33-FE0D-4735-98C1-8A8D907E8CE2}.Release|Any CPU.Build.0 = Release|Any CPU
		{EB40C159-B010-4780-AD30-06E56796C966}.Debug|Any CPU.ActiveCfg = Debug|Any CPU
		{EB40C159-B010-4780-AD30-06E56796C966}.Debug|Any CPU.Build.0 = Debug|Any CPU
		{EB40C159-B010-4780-AD30-06E56796C966}.Debug|Any CPU.Deploy.0 = Debug|Any CPU
		{EB40C159-B010-4780-AD30-06E56796C966}.Release|Any CPU.ActiveCfg = Release|Any CPU
		{EB40C159-B010-4780-AD30-06E56796C966}.Release|Any CPU.Build.0 = Release|Any CPU
		{EB40C159-B010-4780-AD30-06E56796C966}.Release|Any CPU.Deploy.0 = Release|Any CPU
		{EE0A3B97-3703-46B6-BEE7-6C894F5DE0AC}.Debug|Any CPU.ActiveCfg = Debug|Any CPU
		{EE0A3B97-3703-46B6-BEE7-6C894F5DE0AC}.Debug|Any CPU.Build.0 = Debug|Any CPU
		{EE0A3B97-3703-46B6-BEE7-6C894F5DE0AC}.Release|Any CPU.ActiveCfg = Release|Any CPU
		{EE0A3B97-3703-46B6-BEE7-6C894F5DE0AC}.Release|Any CPU.Build.0 = Release|Any CPU
		{142F43A3-727A-4A73-B2A7-0D55BBC2C989}.Debug|Any CPU.ActiveCfg = Debug|Any CPU
		{142F43A3-727A-4A73-B2A7-0D55BBC2C989}.Debug|Any CPU.Build.0 = Debug|Any CPU
		{142F43A3-727A-4A73-B2A7-0D55BBC2C989}.Release|Any CPU.ActiveCfg = Release|Any CPU
		{142F43A3-727A-4A73-B2A7-0D55BBC2C989}.Release|Any CPU.Build.0 = Release|Any CPU
	EndGlobalSection
	GlobalSection(SolutionProperties) = preSolution
		HideSolutionNode = FALSE
	EndGlobalSection
	GlobalSection(NestedProjects) = preSolution
		{ECD9FCE0-4D47-49D4-AE0E-4882FC599CBB} = {9916197B-6110-4328-AB7F-127DB9A4119E}
		{1ABED7B8-5E95-45FC-86C2-62577442BB13} = {9916197B-6110-4328-AB7F-127DB9A4119E}
		{9F9E62A7-BCAA-4A7D-9642-9841C6ADFC2B} = {9916197B-6110-4328-AB7F-127DB9A4119E}
		{8ED51F46-AFA5-48C4-8787-30916B6686EC} = {9916197B-6110-4328-AB7F-127DB9A4119E}
		{F0911282-30B4-454B-9DA4-40870B7394A6} = {8ED51F46-AFA5-48C4-8787-30916B6686EC}
		{E7E7B6E3-A6F4-4770-8FF2-623688A9E99D} = {ECD9FCE0-4D47-49D4-AE0E-4882FC599CBB}
		{3158271D-C911-4467-9BB5-4C9991ADB702} = {ECD9FCE0-4D47-49D4-AE0E-4882FC599CBB}
		{180D1D33-FE0D-4735-98C1-8A8D907E8CE2} = {1ABED7B8-5E95-45FC-86C2-62577442BB13}
		{EB40C159-B010-4780-AD30-06E56796C966} = {9F9E62A7-BCAA-4A7D-9642-9841C6ADFC2B}
		{EE0A3B97-3703-46B6-BEE7-6C894F5DE0AC} = {1ABED7B8-5E95-45FC-86C2-62577442BB13}
		{142F43A3-727A-4A73-B2A7-0D55BBC2C989} = {1ABED7B8-5E95-45FC-86C2-62577442BB13}
	EndGlobalSection
	GlobalSection(ExtensibilityGlobals) = postSolution
		SolutionGuid = {5494C81B-A196-4BD9-93C4-70FA4DF4E44F}
	EndGlobalSection
EndGlobal
